PODS:
  - BoringSSL-GRPC (0.0.3):
    - BoringSSL-GRPC/Implementation (= 0.0.3)
    - BoringSSL-GRPC/Interface (= 0.0.3)
  - BoringSSL-GRPC/Implementation (0.0.3):
    - BoringSSL-GRPC/Interface (= 0.0.3)
  - BoringSSL-GRPC/Interface (0.0.3)
  - cloud_firestore (0.0.1):
    - Firebase/Core
    - Firebase/Firestore (~> 6.0)
    - Flutter
  - connectivity (0.0.1):
    - Flutter
    - Reachability
  - Firebase/Analytics (6.6.0):
    - Firebase/Core
  - Firebase/Core (6.6.0):
    - Firebase/CoreOnly
    - FirebaseAnalytics (= 6.1.0)
  - Firebase/CoreOnly (6.6.0):
    - FirebaseCore (= 6.2.0)
  - Firebase/Firestore (6.6.0):
    - Firebase/CoreOnly
    - FirebaseFirestore (~> 1.4.3)
  - firebase_analytics (0.0.1):
    - Firebase/Analytics (~> 6.0)
    - Firebase/Core
    - Flutter
  - firebase_core (0.0.1):
    - Firebase/Core
    - Flutter
  - FirebaseAnalytics (6.1.0):
    - FirebaseCore (~> 6.2)
    - FirebaseInstanceID (~> 4.2)
    - GoogleAppMeasurement (= 6.1.0)
    - GoogleUtilities/AppDelegateSwizzler (~> 6.0)
    - GoogleUtilities/MethodSwizzler (~> 6.0)
    - GoogleUtilities/Network (~> 6.0)
    - "GoogleUtilities/NSData+zlib (~> 6.0)"
    - nanopb (~> 0.3)
  - FirebaseAuthInterop (1.0.0)
  - FirebaseCore (6.2.0):
    - FirebaseCoreDiagnostics (~> 1.0)
    - FirebaseCoreDiagnosticsInterop (~> 1.0)
    - GoogleUtilities/Environment (~> 6.2)
    - GoogleUtilities/Logger (~> 6.2)
  - FirebaseCoreDiagnostics (1.0.1):
    - FirebaseCoreDiagnosticsInterop (~> 1.0)
    - GoogleDataTransportCCTSupport (~> 1.0)
    - GoogleUtilities/Environment (~> 6.2)
    - GoogleUtilities/Logger (~> 6.2)
  - FirebaseCoreDiagnosticsInterop (1.0.0)
  - FirebaseFirestore (1.4.3):
    - FirebaseAuthInterop (~> 1.0)
    - FirebaseCore (~> 6.2)
    - FirebaseFirestore/abseil-cpp (= 1.4.3)
    - "gRPC-C++ (= 0.0.9)"
    - leveldb-library (~> 1.20)
    - nanopb (~> 0.3.901)
    - Protobuf (~> 3.1)
  - FirebaseFirestore/abseil-cpp (1.4.3):
    - FirebaseAuthInterop (~> 1.0)
    - FirebaseCore (~> 6.2)
    - "gRPC-C++ (= 0.0.9)"
    - leveldb-library (~> 1.20)
    - nanopb (~> 0.3.901)
    - Protobuf (~> 3.1)
  - FirebaseInstanceID (4.2.3):
    - FirebaseCore (~> 6.0)
    - GoogleUtilities/Environment (~> 6.0)
    - GoogleUtilities/UserDefaults (~> 6.0)
  - Flutter (1.0.0)
  - flutter_local_notifications (0.0.1):
    - Flutter
  - geoflutterfire (0.0.1):
    - Flutter
  - geolocator (5.1.5):
    - Flutter
  - google_api_availability (2.0.1):
    - Flutter
  - google_maps_flutter (0.0.1):
    - Flutter
    - GoogleMaps
  - GoogleAppMeasurement (6.1.0):
    - GoogleUtilities/AppDelegateSwizzler (~> 6.0)
    - GoogleUtilities/MethodSwizzler (~> 6.0)
    - GoogleUtilities/Network (~> 6.0)
    - "GoogleUtilities/NSData+zlib (~> 6.0)"
    - nanopb (~> 0.3)
  - GoogleDataTransport (1.1.0)
  - GoogleDataTransportCCTSupport (1.0.1):
    - GoogleDataTransport (~> 1.1)
    - nanopb
  - GoogleMaps (3.3.0):
    - GoogleMaps/Maps (= 3.3.0)
  - GoogleMaps/Base (3.3.0)
  - GoogleMaps/Maps (3.3.0):
    - GoogleMaps/Base
  - GoogleUtilities/AppDelegateSwizzler (6.2.4):
    - GoogleUtilities/Environment
    - GoogleUtilities/Logger
    - GoogleUtilities/Network
  - GoogleUtilities/Environment (6.2.4)
  - GoogleUtilities/Logger (6.2.4):
    - GoogleUtilities/Environment
  - GoogleUtilities/MethodSwizzler (6.2.4):
    - GoogleUtilities/Logger
  - GoogleUtilities/Network (6.2.4):
    - GoogleUtilities/Logger
    - "GoogleUtilities/NSData+zlib"
    - GoogleUtilities/Reachability
  - "GoogleUtilities/NSData+zlib (6.2.4)"
  - GoogleUtilities/Reachability (6.2.4):
    - GoogleUtilities/Logger
  - GoogleUtilities/UserDefaults (6.2.4):
    - GoogleUtilities/Logger
  - "gRPC-C++ (0.0.9)":
    - "gRPC-C++/Implementation (= 0.0.9)"
    - "gRPC-C++/Interface (= 0.0.9)"
  - "gRPC-C++/Implementation (0.0.9)":
    - "gRPC-C++/Interface (= 0.0.9)"
    - gRPC-Core (= 1.21.0)
    - nanopb (~> 0.3)
  - "gRPC-C++/Interface (0.0.9)"
  - gRPC-Core (1.21.0):
    - gRPC-Core/Implementation (= 1.21.0)
    - gRPC-Core/Interface (= 1.21.0)
  - gRPC-Core/Implementation (1.21.0):
    - BoringSSL-GRPC (= 0.0.3)
    - gRPC-Core/Interface (= 1.21.0)
    - nanopb (~> 0.3)
  - gRPC-Core/Interface (1.21.0)
  - leveldb-library (1.20)
  - liquid_swipe (0.0.1):
    - Flutter
  - location_permissions (2.0.3):
    - Flutter
  - nanopb (0.3.901):
    - nanopb/decode (= 0.3.901)
    - nanopb/encode (= 0.3.901)
  - nanopb/decode (0.3.901)
  - nanopb/encode (0.3.901)
  - Protobuf (3.9.0)
  - Reachability (3.2)
  - share (0.5.2):
    - Flutter
  - shared_preferences (0.0.1):
    - Flutter
  - url_launcher (0.0.1):
    - Flutter

DEPENDENCIES:
  - cloud_firestore (from `.symlinks/plugins/cloud_firestore/ios`)
  - connectivity (from `.symlinks/plugins/connectivity/ios`)
  - firebase_analytics (from `.symlinks/plugins/firebase_analytics/ios`)
  - firebase_core (from `.symlinks/plugins/firebase_core/ios`)
  - Flutter (from `Flutter`)
  - flutter_local_notifications (from `.symlinks/plugins/flutter_local_notifications/ios`)
  - geoflutterfire (from `.symlinks/plugins/geoflutterfire/ios`)
  - geolocator (from `.symlinks/plugins/geolocator/ios`)
  - google_api_availability (from `.symlinks/plugins/google_api_availability/ios`)
  - google_maps_flutter (from `.symlinks/plugins/google_maps_flutter/ios`)
  - liquid_swipe (from `.symlinks/plugins/liquid_swipe/ios`)
  - location_permissions (from `.symlinks/plugins/location_permissions/ios`)
  - share (from `.symlinks/plugins/share/ios`)
  - shared_preferences (from `.symlinks/plugins/shared_preferences/ios`)
  - url_launcher (from `.symlinks/plugins/url_launcher/ios`)

SPEC REPOS:
  https://github.com/cocoapods/specs.git:
    - BoringSSL-GRPC
    - Firebase
    - FirebaseAnalytics
    - FirebaseAuthInterop
    - FirebaseCore
    - FirebaseCoreDiagnostics
    - FirebaseCoreDiagnosticsInterop
    - FirebaseFirestore
    - FirebaseInstanceID
    - GoogleAppMeasurement
    - GoogleDataTransport
    - GoogleDataTransportCCTSupport
    - GoogleMaps
    - GoogleUtilities
    - "gRPC-C++"
    - gRPC-Core
    - leveldb-library
    - nanopb
    - Protobuf
    - Reachability

EXTERNAL SOURCES:
  cloud_firestore:
    :path: ".symlinks/plugins/cloud_firestore/ios"
  connectivity:
    :path: ".symlinks/plugins/connectivity/ios"
  firebase_analytics:
    :path: ".symlinks/plugins/firebase_analytics/ios"
  firebase_core:
    :path: ".symlinks/plugins/firebase_core/ios"
  Flutter:
    :path: Flutter
  flutter_local_notifications:
    :path: ".symlinks/plugins/flutter_local_notifications/ios"
  geoflutterfire:
    :path: ".symlinks/plugins/geoflutterfire/ios"
  geolocator:
    :path: ".symlinks/plugins/geolocator/ios"
  google_api_availability:
    :path: ".symlinks/plugins/google_api_availability/ios"
  google_maps_flutter:
    :path: ".symlinks/plugins/google_maps_flutter/ios"
  liquid_swipe:
    :path: ".symlinks/plugins/liquid_swipe/ios"
  location_permissions:
    :path: ".symlinks/plugins/location_permissions/ios"
  share:
    :path: ".symlinks/plugins/share/ios"
  shared_preferences:
    :path: ".symlinks/plugins/shared_preferences/ios"
  url_launcher:
    :path: ".symlinks/plugins/url_launcher/ios"

SPEC CHECKSUMS:
  BoringSSL-GRPC: db8764df3204ccea016e1c8dd15d9a9ad63ff318
  cloud_firestore: 41f84086d2e1a5c216a6af07ef050758de825ff0
  connectivity: 6e94255659cc86dcbef1d452ad3e0491bb1b3e75
  Firebase: a2b5951f30ff38fd3b3bdae9c7d340f940fd3c51
  firebase_analytics: d83001d25b9a58ca5eda8db0ef566c02d7af5258
  firebase_core: b3b02d0b5e9d01aab5e50ba7cbcf84c73cb6883c
  FirebaseAnalytics: 48414ae5cbf6976d8a2f7177e0466540e5ab33ce
  FirebaseAuthInterop: 0ffa57668be100582bb7643d4fcb7615496c41fc
  FirebaseCore: 8c9e08bce0c72a3affd83927d8184cf244918bc8
  FirebaseCoreDiagnostics: 4c04ae09d0ab027c30179828c6bb47764df1bd13
  FirebaseCoreDiagnosticsInterop: 6829da2b8d1fc795ff1bd99df751d3788035d2cb
  FirebaseFirestore: d65bd28e77a8cdc045be6353c6e1e146efdf92dc
  FirebaseInstanceID: 8b42755db950682e7de0d167bc6fb26a57b244af
  Flutter: 0e3d915762c693b495b44d77113d4970485de6ec
  flutter_local_notifications: 9e4738ce2471c5af910d961a6b7eadcf57c50186
  geoflutterfire: 2a6493e01fb6eef1a6c9046b1baf9a943d0c5ffe
  geolocator: 80aba2bb48f8c7dfc5a8b70b9d13fc3edc8399c4
  google_api_availability: 163b30f802e6148c67f092aa4501c90ddd8eec8d
  google_maps_flutter: 78a52114c898b42ea647919679a4c58b70abe876
  GoogleAppMeasurement: 47285fa897e5a125df56b9ef8750a1d81e4598a8
  GoogleDataTransport: b0115dbdf1943c998628dca30800ddd263aaa166
  GoogleDataTransportCCTSupport: 3451e7d8ba19093e533362a6d78d6d9014c6a037
  GoogleMaps: cfee83da305b9aaeccf92c24ac79df11c3003492
  GoogleUtilities: 64b5e3982b1b01bda26712affd5c523ef32563cf
  "gRPC-C++": 9dfe7b44821e7b3e44aacad2af29d2c21f7cde83
  gRPC-Core: c9aef9a261a1247e881b18059b84d597293c9947
  leveldb-library: 08cba283675b7ed2d99629a4bc5fd052cd2bb6a5
  liquid_swipe: d3dbe523989a927528e7e7d2d0fc674da90cbbf7
  location_permissions: 195ff2a1182fa9029ef3f2653156961ee5a1e40b
  nanopb: 2901f78ea1b7b4015c860c2fdd1ea2fee1a18d48
  Protobuf: 1097ca58584c8d9be81bfbf2c5ff5975648dd87a
  Reachability: 33e18b67625424e47b6cde6d202dce689ad7af96
  share: bae0a282aab4483288913fc4dc0b935d4b491f2e
  shared_preferences: 430726339841afefe5142b9c1f50cb6bd7793e01
  url_launcher: a1c0cc845906122c4784c542523d8cacbded5626

PODFILE CHECKSUM: 1b66dae606f75376c5f2135a8290850eeb09ae83

COCOAPODS: 1.7.2
